
Microsoft Visual Studio Solution File, Format Version 12.00
# Visual Studio Version 16
VisualStudioVersion = 16.0.29424.173
MinimumVisualStudioVersion = 10.0.40219.1
Project("{FAE04EC0-301F-11D3-BF4B-00C04F79EFBC}") = "Sakila.DataAccessHandler", "Sakila.DataAccessHandler\Sakila.DataAccessHandler.csproj", "{C0A6FAED-8D5F-4D77-A330-D61E0646C982}"
EndProject
Project("{FAE04EC0-301F-11D3-BF4B-00C04F79EFBC}") = "Sakila.DataService", "Sakila.DataService\Sakila.DataService.csproj", "{F5786876-3822-4D92-8A9C-84A8D22A563D}"
EndProject
Global
	GlobalSection(SolutionConfigurationPlatforms) = preSolution
		Debug|Any CPU = Debug|Any CPU
		Release|Any CPU = Release|Any CPU
	EndGlobalSection
	GlobalSection(ProjectConfigurationPlatforms) = postSolution
		{C0A6FAED-8D5F-4D77-A330-D61E0646C982}.Debug|Any CPU.ActiveCfg = Debug|Any CPU
		{C0A6FAED-8D5F-4D77-A330-D61E0646C982}.Debug|Any CPU.Build.0 = Debug|Any CPU
		{C0A6FAED-8D5F-4D77-A330-D61E0646C982}.Release|Any CPU.ActiveCfg = Release|Any CPU
		{C0A6FAED-8D5F-4D77-A330-D61E0646C982}.Release|Any CPU.Build.0 = Release|Any CPU
		{F5786876-3822-4D92-8A9C-84A8D22A563D}.Debug|Any CPU.ActiveCfg = Debug|Any CPU
		{F5786876-3822-4D92-8A9C-84A8D22A563D}.Debug|Any CPU.Build.0 = Debug|Any CPU
		{F5786876-3822-4D92-8A9C-84A8D22A563D}.Release|Any CPU.ActiveCfg = Release|Any CPU
		{F5786876-3822-4D92-8A9C-84A8D22A563D}.Release|Any CPU.Build.0 = Release|Any CPU
	EndGlobalSection
	GlobalSection(SolutionProperties) = preSolution
		HideSolutionNode = FALSE
	EndGlobalSection
	GlobalSection(ExtensibilityGlobals) = postSolution
		SolutionGuid = {FC30C4E8-6C19-4B24-B154-A9E5D148D0B1}
	EndGlobalSection
EndGlobal
